
Microsoft Visual Studio Solution File, Format Version 12.00
# Visual Studio Version 16
VisualStudioVersion = 16.0.30114.105
MinimumVisualStudioVersion = 10.0.40219.1
Project("{FAE04EC0-301F-11D3-BF4B-00C04F79EFBC}") = "ArduinoCommandCenter", "ArduinoCommandCenter\ArduinoCommandCenter.csproj", "{565F3249-8EA7-4602-8C27-4E85B9F6FF59}"
EndProject
Global
	GlobalSection(SolutionConfigurationPlatforms) = preSolution
		Debug|Any CPU = Debug|Any CPU
		Release|Any CPU = Release|Any CPU
	EndGlobalSection
	GlobalSection(ProjectConfigurationPlatforms) = postSolution
		{565F3249-8EA7-4602-8C27-4E85B9F6FF59}.Debug|Any CPU.ActiveCfg = Debug|Any CPU
		{565F3249-8EA7-4602-8C27-4E85B9F6FF59}.Debug|Any CPU.Build.0 = Debug|Any CPU
		{565F3249-8EA7-4602-8C27-4E85B9F6FF59}.Release|Any CPU.ActiveCfg = Release|Any CPU
		{565F3249-8EA7-4602-8C27-4E85B9F6FF59}.Release|Any CPU.Build.0 = Release|Any CPU
	EndGlobalSection
	GlobalSection(SolutionProperties) = preSolution
		HideSolutionNode = FALSE
	EndGlobalSection
	GlobalSection(ExtensibilityGlobals) = postSolution
		SolutionGuid = {C7966655-5CE2-47EB-86A3-6F01A3A414E1}
	EndGlobalSection
EndGlobal
